
Microsoft Visual Studio Solution File, Format Version 12.00
# Visual Studio Version 17
VisualStudioVersion = 17.5.002.0
MinimumVisualStudioVersion = 10.0.40219.1
Project("{2150E333-8FDC-42A3-9474-1A3956D46DE8}") = "NeetCode", "NeetCode", "{5DACA24B-6226-432D-AF66-783E470F299D}"
EndProject
Project("{2150E333-8FDC-42A3-9474-1A3956D46DE8}") = "CSharp", "CSharp", "{CA9EE660-6FDA-49BD-85AD-57B500404C03}"
EndProject
Project("{2150E333-8FDC-42A3-9474-1A3956D46DE8}") = "ArraysAndHashing", "ArraysAndHashing", "{37646074-120E-43DA-85BD-9CEE887B79C0}"
EndProject
Project("{9A19103F-16F7-4668-BE54-9A1E7A4F7556}") = "ContainsDuplicate", "NeetCode\CSharp\ArraysAndHashing\ContainsDuplicate\ContainsDuplicate.csproj", "{79930121-6411-4038-9B4E-8D7135E9431B}"
EndProject
Project("{FAE04EC0-301F-11D3-BF4B-00C04F79EFBC}") = "ValidAnagram", "NeetCode\CSharp\ArraysAndHashing\ValidAnagram\ValidAnagram.csproj", "{93CC3A59-CA8C-4DC8-9931-FAA170F2B6D7}"
EndProject
Project("{FAE04EC0-301F-11D3-BF4B-00C04F79EFBC}") = "TwoSum", "NeetCode\CSharp\ArraysAndHashing\TwoSum\TwoSum.csproj", "{0A2D0895-4CCE-4133-95C5-A00EA384CDCD}"
EndProject
Project("{FAE04EC0-301F-11D3-BF4B-00C04F79EFBC}") = "GroupAnagrams", "NeetCode\CSharp\ArraysAndHashing\GroupAnagrams\GroupAnagrams.csproj", "{35D9A131-04D8-4AC9-A116-4A165F6F5D7F}"
EndProject
Project("{FAE04EC0-301F-11D3-BF4B-00C04F79EFBC}") = "TopKFrequentElements", "NeetCode\CSharp\ArraysAndHashing\TopKFrequentElements\TopKFrequentElements.csproj", "{669621E9-509D-4BE9-9DEE-831EA2E6A2A5}"
EndProject
Project("{FAE04EC0-301F-11D3-BF4B-00C04F79EFBC}") = "ConcatenationOfArray", "NeetCode\CSharp\ArraysAndHashing\ConcatenationOfArray\ConcatenationOfArray.csproj", "{C277E1DA-152B-4D23-A74A-0F9F4EFB4A3B}"
EndProject
Project("{FAE04EC0-301F-11D3-BF4B-00C04F79EFBC}") = "Recap", "NeetCode\CSharp\ArraysAndHashing\Recap\Recap.csproj", "{63565D94-4E63-4F51-9147-2771F4A7D76A}"
EndProject
Project("{FAE04EC0-301F-11D3-BF4B-00C04F79EFBC}") = "ReplaceElementsWithGreatestElementOnRightSide", "NeetCode\CSharp\ArraysAndHashing\ReplaceElementsWithGreatestElementOnRightSide\ReplaceElementsWithGreatestElementOnRightSide.csproj", "{2A5526DC-0F7E-4DD6-BBA5-FE8A16ED62DE}"
EndProject
Global
	GlobalSection(SolutionConfigurationPlatforms) = preSolution
		Debug|Any CPU = Debug|Any CPU
		Release|Any CPU = Release|Any CPU
	EndGlobalSection
	GlobalSection(ProjectConfigurationPlatforms) = postSolution
		{79930121-6411-4038-9B4E-8D7135E9431B}.Debug|Any CPU.ActiveCfg = Debug|Any CPU
		{79930121-6411-4038-9B4E-8D7135E9431B}.Debug|Any CPU.Build.0 = Debug|Any CPU
		{79930121-6411-4038-9B4E-8D7135E9431B}.Release|Any CPU.ActiveCfg = Release|Any CPU
		{79930121-6411-4038-9B4E-8D7135E9431B}.Release|Any CPU.Build.0 = Release|Any CPU
		{93CC3A59-CA8C-4DC8-9931-FAA170F2B6D7}.Debug|Any CPU.ActiveCfg = Debug|Any CPU
		{93CC3A59-CA8C-4DC8-9931-FAA170F2B6D7}.Debug|Any CPU.Build.0 = Debug|Any CPU
		{93CC3A59-CA8C-4DC8-9931-FAA170F2B6D7}.Release|Any CPU.ActiveCfg = Release|Any CPU
		{93CC3A59-CA8C-4DC8-9931-FAA170F2B6D7}.Release|Any CPU.Build.0 = Release|Any CPU
		{0A2D0895-4CCE-4133-95C5-A00EA384CDCD}.Debug|Any CPU.ActiveCfg = Debug|Any CPU
		{0A2D0895-4CCE-4133-95C5-A00EA384CDCD}.Debug|Any CPU.Build.0 = Debug|Any CPU
		{0A2D0895-4CCE-4133-95C5-A00EA384CDCD}.Release|Any CPU.ActiveCfg = Release|Any CPU
		{0A2D0895-4CCE-4133-95C5-A00EA384CDCD}.Release|Any CPU.Build.0 = Release|Any CPU
		{35D9A131-04D8-4AC9-A116-4A165F6F5D7F}.Debug|Any CPU.ActiveCfg = Debug|Any CPU
		{35D9A131-04D8-4AC9-A116-4A165F6F5D7F}.Debug|Any CPU.Build.0 = Debug|Any CPU
		{35D9A131-04D8-4AC9-A116-4A165F6F5D7F}.Release|Any CPU.ActiveCfg = Release|Any CPU
		{35D9A131-04D8-4AC9-A116-4A165F6F5D7F}.Release|Any CPU.Build.0 = Release|Any CPU
		{669621E9-509D-4BE9-9DEE-831EA2E6A2A5}.Debug|Any CPU.ActiveCfg = Debug|Any CPU
		{669621E9-509D-4BE9-9DEE-831EA2E6A2A5}.Debug|Any CPU.Build.0 = Debug|Any CPU
		{669621E9-509D-4BE9-9DEE-831EA2E6A2A5}.Release|Any CPU.ActiveCfg = Release|Any CPU
		{669621E9-509D-4BE9-9DEE-831EA2E6A2A5}.Release|Any CPU.Build.0 = Release|Any CPU
		{C277E1DA-152B-4D23-A74A-0F9F4EFB4A3B}.Debug|Any CPU.ActiveCfg = Debug|Any CPU
		{C277E1DA-152B-4D23-A74A-0F9F4EFB4A3B}.Debug|Any CPU.Build.0 = Debug|Any CPU
		{C277E1DA-152B-4D23-A74A-0F9F4EFB4A3B}.Release|Any CPU.ActiveCfg = Release|Any CPU
		{C277E1DA-152B-4D23-A74A-0F9F4EFB4A3B}.Release|Any CPU.Build.0 = Release|Any CPU
		{63565D94-4E63-4F51-9147-2771F4A7D76A}.Debug|Any CPU.ActiveCfg = Debug|Any CPU
		{63565D94-4E63-4F51-9147-2771F4A7D76A}.Debug|Any CPU.Build.0 = Debug|Any CPU
		{63565D94-4E63-4F51-9147-2771F4A7D76A}.Release|Any CPU.ActiveCfg = Release|Any CPU
		{63565D94-4E63-4F51-9147-2771F4A7D76A}.Release|Any CPU.Build.0 = Release|Any CPU
		{2A5526DC-0F7E-4DD6-BBA5-FE8A16ED62DE}.Debug|Any CPU.ActiveCfg = Debug|Any CPU
		{2A5526DC-0F7E-4DD6-BBA5-FE8A16ED62DE}.Debug|Any CPU.Build.0 = Debug|Any CPU
		{2A5526DC-0F7E-4DD6-BBA5-FE8A16ED62DE}.Release|Any CPU.ActiveCfg = Release|Any CPU
		{2A5526DC-0F7E-4DD6-BBA5-FE8A16ED62DE}.Release|Any CPU.Build.0 = Release|Any CPU
	EndGlobalSection
	GlobalSection(SolutionProperties) = preSolution
		HideSolutionNode = FALSE
	EndGlobalSection
	GlobalSection(NestedProjects) = preSolution
		{CA9EE660-6FDA-49BD-85AD-57B500404C03} = {5DACA24B-6226-432D-AF66-783E470F299D}
		{37646074-120E-43DA-85BD-9CEE887B79C0} = {CA9EE660-6FDA-49BD-85AD-57B500404C03}
		{79930121-6411-4038-9B4E-8D7135E9431B} = {37646074-120E-43DA-85BD-9CEE887B79C0}
		{93CC3A59-CA8C-4DC8-9931-FAA170F2B6D7} = {37646074-120E-43DA-85BD-9CEE887B79C0}
		{0A2D0895-4CCE-4133-95C5-A00EA384CDCD} = {37646074-120E-43DA-85BD-9CEE887B79C0}
		{35D9A131-04D8-4AC9-A116-4A165F6F5D7F} = {37646074-120E-43DA-85BD-9CEE887B79C0}
		{669621E9-509D-4BE9-9DEE-831EA2E6A2A5} = {37646074-120E-43DA-85BD-9CEE887B79C0}
		{C277E1DA-152B-4D23-A74A-0F9F4EFB4A3B} = {37646074-120E-43DA-85BD-9CEE887B79C0}
		{63565D94-4E63-4F51-9147-2771F4A7D76A} = {37646074-120E-43DA-85BD-9CEE887B79C0}
		{2A5526DC-0F7E-4DD6-BBA5-FE8A16ED62DE} = {37646074-120E-43DA-85BD-9CEE887B79C0}
	EndGlobalSection
	GlobalSection(ExtensibilityGlobals) = postSolution
		SolutionGuid = {B4588B24-B3FB-4D89-AB9F-1BFC6BBCD49F}
	EndGlobalSection
EndGlobal
